
Microsoft Visual Studio Solution File, Format Version 12.00
# Visual Studio Version 17
VisualStudioVersion = 17.0.31903.59
MinimumVisualStudioVersion = 10.0.40219.1
Project("{2150E333-8FDC-42A3-9474-1A3956D46DE8}") = "src", "src", "{180B1B57-CFC8-475C-8BA8-427670F97F49}"
EndProject
Project("{FAE04EC0-301F-11D3-BF4B-00C04F79EFBC}") = "AxisSdReader.Core", "src\AxisSdReader.Core\AxisSdReader.Core.csproj", "{5F346701-0E17-421E-82BE-97C6F5B22EDB}"
EndProject
Project("{FAE04EC0-301F-11D3-BF4B-00C04F79EFBC}") = "AxisSdReader.App", "src\AxisSdReader.App\AxisSdReader.App.csproj", "{9F644714-A5BD-4B1E-BBE0-91F32EF77118}"
EndProject
Project("{2150E333-8FDC-42A3-9474-1A3956D46DE8}") = "tests", "tests", "{B5FDFDF3-C93A-4E76-B95C-7D923747C38B}"
EndProject
Project("{FAE04EC0-301F-11D3-BF4B-00C04F79EFBC}") = "AxisSdReader.Core.Tests", "tests\AxisSdReader.Core.Tests\AxisSdReader.Core.Tests.csproj", "{D9E08FD6-C4B4-4BD4-9D1F-F7D33B1D53A5}"
EndProject
Global
	GlobalSection(SolutionConfigurationPlatforms) = preSolution
		Debug|Any CPU = Debug|Any CPU
		Release|Any CPU = Release|Any CPU
	EndGlobalSection
	GlobalSection(SolutionProperties) = preSolution
		HideSolutionNode = FALSE
	EndGlobalSection
	GlobalSection(ProjectConfigurationPlatforms) = postSolution
		{5F346701-0E17-421E-82BE-97C6F5B22EDB}.Debug|Any CPU.ActiveCfg = Debug|Any CPU
		{5F346701-0E17-421E-82BE-97C6F5B22EDB}.Debug|Any CPU.Build.0 = Debug|Any CPU
		{5F346701-0E17-421E-82BE-97C6F5B22EDB}.Release|Any CPU.ActiveCfg = Release|Any CPU
		{5F346701-0E17-421E-82BE-97C6F5B22EDB}.Release|Any CPU.Build.0 = Release|Any CPU
		{9F644714-A5BD-4B1E-BBE0-91F32EF77118}.Debug|Any CPU.ActiveCfg = Debug|Any CPU
		{9F644714-A5BD-4B1E-BBE0-91F32EF77118}.Debug|Any CPU.Build.0 = Debug|Any CPU
		{9F644714-A5BD-4B1E-BBE0-91F32EF77118}.Release|Any CPU.ActiveCfg = Release|Any CPU
		{9F644714-A5BD-4B1E-BBE0-91F32EF77118}.Release|Any CPU.Build.0 = Release|Any CPU
		{D9E08FD6-C4B4-4BD4-9D1F-F7D33B1D53A5}.Debug|Any CPU.ActiveCfg = Debug|Any CPU
		{D9E08FD6-C4B4-4BD4-9D1F-F7D33B1D53A5}.Debug|Any CPU.Build.0 = Debug|Any CPU
		{D9E08FD6-C4B4-4BD4-9D1F-F7D33B1D53A5}.Release|Any CPU.ActiveCfg = Release|Any CPU
		{D9E08FD6-C4B4-4BD4-9D1F-F7D33B1D53A5}.Release|Any CPU.Build.0 = Release|Any CPU
	EndGlobalSection
	GlobalSection(NestedProjects) = preSolution
		{5F346701-0E17-421E-82BE-97C6F5B22EDB} = {180B1B57-CFC8-475C-8BA8-427670F97F49}
		{9F644714-A5BD-4B1E-BBE0-91F32EF77118} = {180B1B57-CFC8-475C-8BA8-427670F97F49}
		{D9E08FD6-C4B4-4BD4-9D1F-F7D33B1D53A5} = {B5FDFDF3-C93A-4E76-B95C-7D923747C38B}
	EndGlobalSection
EndGlobal
